{
  "version": 4,
  "terraform_version": "1.14.3",
  "serial": 30,
  "lineage": "d009df3c-e08c-66e3-afa8-b73fb50f187e",
  "outputs": {
    "db_host": {
      "value": "pipeline-x-db-14dc452a.postgres.database.azure.com",
      "type": "string"
    }
  },
  "resources": [
    {
      "mode": "managed",
      "type": "azurerm_postgresql_flexible_server",
      "name": "postgres",
      "provider": "provider[\"registry.terraform.io/hashicorp/azurerm\"]",
      "instances": [
        {
          "schema_version": 0,
          "attributes": {
            "administrator_login": "airflow_admin",
            "administrator_password": "SecurePassword123!",
            "authentication": [
              {
                "active_directory_auth_enabled": false,
                "password_auth_enabled": true,
                "tenant_id": ""
              }
            ],
            "auto_grow_enabled": false,
            "backup_retention_days": 7,
            "create_mode": null,
            "customer_managed_key": [],
            "delegated_subnet_id": "",
            "fqdn": "pipeline-x-db-14dc452a.postgres.database.azure.com",
            "geo_redundant_backup_enabled": false,
            "high_availability": [],
            "id": "/subscriptions/d17470da-33ea-41ca-aac2-96be6b5a5d1e/resourceGroups/pipeline-x-resources/providers/Microsoft.DBforPostgreSQL/flexibleServers/pipeline-x-db-14dc452a",
            "identity": [],
            "location": "swedencentral",
            "maintenance_window": [],
            "name": "pipeline-x-db-14dc452a",
            "point_in_time_restore_time_in_utc": null,
            "private_dns_zone_id": "",
            "public_network_access_enabled": true,
            "replication_role": "",
            "resource_group_name": "pipeline-x-resources",
            "sku_name": "B_Standard_B1ms",
            "source_server_id": null,
            "storage_mb": 32768,
            "storage_tier": "P4",
            "tags": null,
            "timeouts": null,
            "version": "13",
            "zone": "1"
          },
          "sensitive_attributes": [
            [
              {
                "type": "get_attr",
                "value": "administrator_password"
              }
            ]
          ],
          "identity_schema_version": 0,
          "private": "eyJlMmJmYjczMC1lY2FhLTExZTYtOGY4OC0zNDM2M2JjN2M0YzAiOnsiY3JlYXRlIjozNjAwMDAwMDAwMDAwLCJkZWxldGUiOjM2MDAwMDAwMDAwMDAsInJlYWQiOjMwMDAwMDAwMDAwMCwidXBkYXRlIjozNjAwMDAwMDAwMDAwfX0=",
          "dependencies": [
            "azurerm_resource_group.rg",
            "random_id.server_id"
          ]
        }
      ]
    },
    {
      "mode": "managed",
      "type": "azurerm_postgresql_flexible_server_database",
      "name": "airflow_db",
      "provider": "provider[\"registry.terraform.io/hashicorp/azurerm\"]",
      "instances": [
        {
          "schema_version": 0,
          "attributes": {
            "charset": "UTF8",
            "collation": "en_US.utf8",
            "id": "/subscriptions/d17470da-33ea-41ca-aac2-96be6b5a5d1e/resourceGroups/pipeline-x-resources/providers/Microsoft.DBforPostgreSQL/flexibleServers/pipeline-x-db-14dc452a/databases/airflow",
            "name": "airflow",
            "server_id": "/subscriptions/d17470da-33ea-41ca-aac2-96be6b5a5d1e/resourceGroups/pipeline-x-resources/providers/Microsoft.DBforPostgreSQL/flexibleServers/pipeline-x-db-14dc452a",
            "timeouts": null
          },
          "sensitive_attributes": [],
          "identity_schema_version": 0,
          "private": "eyJlMmJmYjczMC1lY2FhLTExZTYtOGY4OC0zNDM2M2JjN2M0YzAiOnsiY3JlYXRlIjoxODAwMDAwMDAwMDAwLCJkZWxldGUiOjE4MDAwMDAwMDAwMDAsInJlYWQiOjMwMDAwMDAwMDAwMH19",
          "dependencies": [
            "azurerm_postgresql_flexible_server.postgres",
            "azurerm_resource_group.rg",
            "random_id.server_id"
          ]
        }
      ]
    },
    {
      "mode": "managed",
      "type": "azurerm_postgresql_flexible_server_firewall_rule",
      "name": "allow_all",
      "provider": "provider[\"registry.terraform.io/hashicorp/azurerm\"]",
      "instances": [
        {
          "schema_version": 0,
          "attributes": {
            "end_ip_address": "255.255.255.255",
            "id": "/subscriptions/d17470da-33ea-41ca-aac2-96be6b5a5d1e/resourceGroups/pipeline-x-resources/providers/Microsoft.DBforPostgreSQL/flexibleServers/pipeline-x-db-14dc452a/firewallRules/allow-all",
            "name": "allow-all",
            "server_id": "/subscriptions/d17470da-33ea-41ca-aac2-96be6b5a5d1e/resourceGroups/pipeline-x-resources/providers/Microsoft.DBforPostgreSQL/flexibleServers/pipeline-x-db-14dc452a",
            "start_ip_address": "0.0.0.0",
            "timeouts": null
          },
          "sensitive_attributes": [],
          "identity_schema_version": 0,
          "private": "eyJlMmJmYjczMC1lY2FhLTExZTYtOGY4OC0zNDM2M2JjN2M0YzAiOnsiY3JlYXRlIjoxODAwMDAwMDAwMDAwLCJkZWxldGUiOjE4MDAwMDAwMDAwMDAsInJlYWQiOjMwMDAwMDAwMDAwMCwidXBkYXRlIjoxODAwMDAwMDAwMDAwfX0=",
          "dependencies": [
            "azurerm_postgresql_flexible_server.postgres",
            "azurerm_resource_group.rg",
            "random_id.server_id"
          ]
        }
      ]
    },
    {
      "mode": "managed",
      "type": "azurerm_resource_group",
      "name": "rg",
      "provider": "provider[\"registry.terraform.io/hashicorp/azurerm\"]",
      "instances": [
        {
          "schema_version": 0,
          "attributes": {
            "id": "/subscriptions/d17470da-33ea-41ca-aac2-96be6b5a5d1e/resourceGroups/pipeline-x-resources",
            "location": "swedencentral",
            "managed_by": "",
            "name": "pipeline-x-resources",
            "tags": null,
            "timeouts": null
          },
          "sensitive_attributes": [],
          "identity_schema_version": 0,
          "private": "eyJlMmJmYjczMC1lY2FhLTExZTYtOGY4OC0zNDM2M2JjN2M0YzAiOnsiY3JlYXRlIjo1NDAwMDAwMDAwMDAwLCJkZWxldGUiOjU0MDAwMDAwMDAwMDAsInJlYWQiOjMwMDAwMDAwMDAwMCwidXBkYXRlIjo1NDAwMDAwMDAwMDAwfX0="
        }
      ]
    },
    {
      "mode": "managed",
      "type": "random_id",
      "name": "server_id",
      "provider": "provider[\"registry.terraform.io/hashicorp/random\"]",
      "instances": [
        {
          "schema_version": 0,
          "attributes": {
            "b64_std": "FNxFKg==",
            "b64_url": "FNxFKg",
            "byte_length": 4,
            "dec": "349979946",
            "hex": "14dc452a",
            "id": "FNxFKg",
            "keepers": null,
            "prefix": null
          },
          "sensitive_attributes": [],
          "identity_schema_version": 0
        }
      ]
    }
  ],
  "check_results": null
}
